
Microsoft Visual Studio Solution File, Format Version 12.00
# Visual Studio Version 17
VisualStudioVersion = 17.8.34601.278
MinimumVisualStudioVersion = 10.0.40219.1
Project("{FAE04EC0-301F-11D3-BF4B-00C04F79EFBC}") = "AutenticadorJWT", "AutenticadorJWT.csproj", "{B6B304E9-728C-44A9-B152-16A28F011329}"
EndProject
Global
	GlobalSection(SolutionConfigurationPlatforms) = preSolution
		Debug|Any CPU = Debug|Any CPU
		Release|Any CPU = Release|Any CPU
	EndGlobalSection
	GlobalSection(ProjectConfigurationPlatforms) = postSolution
		{B6B304E9-728C-44A9-B152-16A28F011329}.Debug|Any CPU.ActiveCfg = Debug|Any CPU
		{B6B304E9-728C-44A9-B152-16A28F011329}.Debug|Any CPU.Build.0 = Debug|Any CPU
		{B6B304E9-728C-44A9-B152-16A28F011329}.Release|Any CPU.ActiveCfg = Release|Any CPU
		{B6B304E9-728C-44A9-B152-16A28F011329}.Release|Any CPU.Build.0 = Release|Any CPU
	EndGlobalSection
	GlobalSection(SolutionProperties) = preSolution
		HideSolutionNode = FALSE
	EndGlobalSection
	GlobalSection(ExtensibilityGlobals) = postSolution
		SolutionGuid = {5628C050-E6E7-46CA-809C-2B2B08277F30}
	EndGlobalSection
EndGlobal
